
Microsoft Visual Studio Solution File, Format Version 12.00
# Visual Studio 15
VisualStudioVersion = 15.0.28307.1062
MinimumVisualStudioVersion = 10.0.40219.1
Project("{FAE04EC0-301F-11D3-BF4B-00C04F79EFBC}") = "ChungKhoan", "ChungKhoan\ChungKhoan.csproj", "{5EB13BDA-6BF8-4775-AAAE-6F1D94E10038}"
EndProject
Global
	GlobalSection(SolutionConfigurationPlatforms) = preSolution
		Debug|Any CPU = Debug|Any CPU
		Release|Any CPU = Release|Any CPU
	EndGlobalSection
	GlobalSection(ProjectConfigurationPlatforms) = postSolution
		{5EB13BDA-6BF8-4775-AAAE-6F1D94E10038}.Debug|Any CPU.ActiveCfg = Debug|Any CPU
		{5EB13BDA-6BF8-4775-AAAE-6F1D94E10038}.Debug|Any CPU.Build.0 = Debug|Any CPU
		{5EB13BDA-6BF8-4775-AAAE-6F1D94E10038}.Release|Any CPU.ActiveCfg = Release|Any CPU
		{5EB13BDA-6BF8-4775-AAAE-6F1D94E10038}.Release|Any CPU.Build.0 = Release|Any CPU
	EndGlobalSection
	GlobalSection(SolutionProperties) = preSolution
		HideSolutionNode = FALSE
	EndGlobalSection
	GlobalSection(ExtensibilityGlobals) = postSolution
		SolutionGuid = {2096411D-EBC9-45D3-B103-806D0CFCD854}
	EndGlobalSection
EndGlobal
